// !$*UTF8*$!
{
	archiveVersion = 1;
	classes = {
	};
	objectVersion = 46;
	objects = {

/* Begin PBXBuildFile section */
		0380D5B51FB6B0166470FB2A /* Pods_smsGate.framework in Frameworks */ = {isa = PBXBuildFile; fileRef = C934AA2D7E43438B31A90A90 /* Pods_smsGate.framework */; settings = {ATTRIBUTES = (Weak, ); }; };
		671171601BE3B09B00BFF1A3 /* GroupDetailsView.swift in Sources */ = {isa = PBXBuildFile; fileRef = 6711715F1BE3B09B00BFF1A3 /* GroupDetailsView.swift */; };
		679703BC1BDFF3F600651DB2 /* LoginView.swift in Sources */ = {isa = PBXBuildFile; fileRef = 679703BB1BDFF3F600651DB2 /* LoginView.swift */; };
		679703C21BE003A900651DB2 /* GroupsView.swift in Sources */ = {isa = PBXBuildFile; fileRef = 679703C11BE003A900651DB2 /* GroupsView.swift */; };
		679703C61BE101C200651DB2 /* Group.swift in Sources */ = {isa = PBXBuildFile; fileRef = 679703C51BE101C200651DB2 /* Group.swift */; };
		679703C81BE1027900651DB2 /* NewGroup.swift in Sources */ = {isa = PBXBuildFile; fileRef = 679703C71BE1027900651DB2 /* NewGroup.swift */; };
		679703CA1BE102DC00651DB2 /* Contact.swift in Sources */ = {isa = PBXBuildFile; fileRef = 679703C91BE102DC00651DB2 /* Contact.swift */; };
		67BF3B0C1BE3C0070045EDEE /* NewMessage.swift in Sources */ = {isa = PBXBuildFile; fileRef = 67BF3B0B1BE3C0070045EDEE /* NewMessage.swift */; };
		67BF3B141BE4FB240045EDEE /* ContactsUI.framework in Frameworks */ = {isa = PBXBuildFile; fileRef = 67BF3B131BE4FB240045EDEE /* ContactsUI.framework */; };
		67BF3B151BE4FD200045EDEE /* Contacts.framework in Frameworks */ = {isa = PBXBuildFile; fileRef = 67BF3B0F1BE3C9100045EDEE /* Contacts.framework */; };
		67E7C5B41BDFEC40001F1DA4 /* AppDelegate.swift in Sources */ = {isa = PBXBuildFile; fileRef = 67E7C5B31BDFEC40001F1DA4 /* AppDelegate.swift */; };
		67E7C5BB1BDFEC40001F1DA4 /* Main.storyboard in Resources */ = {isa = PBXBuildFile; fileRef = 67E7C5B91BDFEC40001F1DA4 /* Main.storyboard */; };
		67E7C5BD1BDFEC40001F1DA4 /* Assets.xcassets in Resources */ = {isa = PBXBuildFile; fileRef = 67E7C5BC1BDFEC40001F1DA4 /* Assets.xcassets */; };
		67E7C5C01BDFEC40001F1DA4 /* LaunchScreen.storyboard in Resources */ = {isa = PBXBuildFile; fileRef = 67E7C5BE1BDFEC40001F1DA4 /* LaunchScreen.storyboard */; };
		67F89E3C1BE762F300052763 /* ConnectURL.swift in Sources */ = {isa = PBXBuildFile; fileRef = 67F89E3B1BE762F300052763 /* ConnectURL.swift */; };
		67F89E3E1BE7714200052763 /* ShowsAlert.swift in Sources */ = {isa = PBXBuildFile; fileRef = 67F89E3D1BE7714200052763 /* ShowsAlert.swift */; };
/* End PBXBuildFile section */

/* Begin PBXFileReference section */
		1F3721E0E14222AADD0EE91C /* Pods-smsGate.release.xcconfig */ = {isa = PBXFileReference; includeInIndex = 1; lastKnownFileType = text.xcconfig; name = "Pods-smsGate.release.xcconfig"; path = "Pods/Target Support Files/Pods-smsGate/Pods-smsGate.release.xcconfig"; sourceTree = "<group>"; };
		6711715F1BE3B09B00BFF1A3 /* GroupDetailsView.swift */ = {isa = PBXFileReference; fileEncoding = 4; lastKnownFileType = sourcecode.swift; path = GroupDetailsView.swift; sourceTree = "<group>"; };
		679703BB1BDFF3F600651DB2 /* LoginView.swift */ = {isa = PBXFileReference; fileEncoding = 4; lastKnownFileType = sourcecode.swift; path = LoginView.swift; sourceTree = "<group>"; };
		679703C11BE003A900651DB2 /* GroupsView.swift */ = {isa = PBXFileReference; fileEncoding = 4; lastKnownFileType = sourcecode.swift; path = GroupsView.swift; sourceTree = "<group>"; };
		679703C51BE101C200651DB2 /* Group.swift */ = {isa = PBXFileReference; fileEncoding = 4; lastKnownFileType = sourcecode.swift; path = Group.swift; sourceTree = "<group>"; };
		679703C71BE1027900651DB2 /* NewGroup.swift */ = {isa = PBXFileReference; fileEncoding = 4; lastKnownFileType = sourcecode.swift; path = NewGroup.swift; sourceTree = "<group>"; };
		679703C91BE102DC00651DB2 /* Contact.swift */ = {isa = PBXFileReference; fileEncoding = 4; lastKnownFileType = sourcecode.swift; path = Contact.swift; sourceTree = "<group>"; };
		67BF3B0B1BE3C0070045EDEE /* NewMessage.swift */ = {isa = PBXFileReference; fileEncoding = 4; lastKnownFileType = sourcecode.swift; path = NewMessage.swift; sourceTree = "<group>"; };
		67BF3B0F1BE3C9100045EDEE /* Contacts.framework */ = {isa = PBXFileReference; lastKnownFileType = wrapper.framework; name = Contacts.framework; path = System/Library/Frameworks/Contacts.framework; sourceTree = SDKROOT; };
		67BF3B111BE3CA490045EDEE /* AddressBook.framework */ = {isa = PBXFileReference; lastKnownFileType = wrapper.framework; name = AddressBook.framework; path = System/Library/Frameworks/AddressBook.framework; sourceTree = SDKROOT; };
		67BF3B131BE4FB240045EDEE /* ContactsUI.framework */ = {isa = PBXFileReference; lastKnownFileType = wrapper.framework; name = ContactsUI.framework; path = System/Library/Frameworks/ContactsUI.framework; sourceTree = SDKROOT; };
		67E7C5B01BDFEC40001F1DA4 /* smsGate.app */ = {isa = PBXFileReference; explicitFileType = wrapper.application; includeInIndex = 0; path = smsGate.app; sourceTree = BUILT_PRODUCTS_DIR; };
		67E7C5B31BDFEC40001F1DA4 /* AppDelegate.swift */ = {isa = PBXFileReference; lastKnownFileType = sourcecode.swift; path = AppDelegate.swift; sourceTree = "<group>"; };
		67E7C5BA1BDFEC40001F1DA4 /* Base */ = {isa = PBXFileReference; lastKnownFileType = file.storyboard; name = Base; path = Base.lproj/Main.storyboard; sourceTree = "<group>"; };
		67E7C5BC1BDFEC40001F1DA4 /* Assets.xcassets */ = {isa = PBXFileReference; lastKnownFileType = folder.assetcatalog; path = Assets.xcassets; sourceTree = "<group>"; };
		67E7C5BF1BDFEC40001F1DA4 /* Base */ = {isa = PBXFileReference; lastKnownFileType = file.storyboard; name = Base; path = Base.lproj/LaunchScreen.storyboard; sourceTree = "<group>"; };
		67E7C5C11BDFEC40001F1DA4 /* Info.plist */ = {isa = PBXFileReference; lastKnownFileType = text.plist.xml; path = Info.plist; sourceTree = "<group>"; };
		67F89E3B1BE762F300052763 /* ConnectURL.swift */ = {isa = PBXFileReference; fileEncoding = 4; lastKnownFileType = sourcecode.swift; path = ConnectURL.swift; sourceTree = "<group>"; };
		67F89E3D1BE7714200052763 /* ShowsAlert.swift */ = {isa = PBXFileReference; fileEncoding = 4; lastKnownFileType = sourcecode.swift; path = ShowsAlert.swift; sourceTree = "<group>"; };
		B7119D6590616C0A07683B49 /* Pods-smsGate.debug.xcconfig */ = {isa = PBXFileReference; includeInIndex = 1; lastKnownFileType = text.xcconfig; name = "Pods-smsGate.debug.xcconfig"; path = "Pods/Target Support Files/Pods-smsGate/Pods-smsGate.debug.xcconfig"; sourceTree = "<group>"; };
		C934AA2D7E43438B31A90A90 /* Pods_smsGate.framework */ = {isa = PBXFileReference; explicitFileType = wrapper.framework; includeInIndex = 0; path = Pods_smsGate.framework; sourceTree = BUILT_PRODUCTS_DIR; };
/* End PBXFileReference section */

/* Begin PBXFrameworksBuildPhase section */
		67E7C5AD1BDFEC40001F1DA4 /* Frameworks */ = {
			isa = PBXFrameworksBuildPhase;
			buildActionMask = 2147483647;
			files = (
				67BF3B151BE4FD200045EDEE /* Contacts.framework in Frameworks */,
				67BF3B141BE4FB240045EDEE /* ContactsUI.framework in Frameworks */,
				0380D5B51FB6B0166470FB2A /* Pods_smsGate.framework in Frameworks */,
			);
			runOnlyForDeploymentPostprocessing = 0;
		};
/* End PBXFrameworksBuildPhase section */

/* Begin PBXGroup section */
		32BFA1A2BFB72B1700F1C7FB /* Frameworks */ = {
			isa = PBXGroup;
			children = (
				67BF3B131BE4FB240045EDEE /* ContactsUI.framework */,
				67BF3B111BE3CA490045EDEE /* AddressBook.framework */,
				67BF3B0F1BE3C9100045EDEE /* Contacts.framework */,
				C934AA2D7E43438B31A90A90 /* Pods_smsGate.framework */,
			);
			name = Frameworks;
			sourceTree = "<group>";
		};
		6711715D1BE3B05300BFF1A3 /* ViewsControllers */ = {
			isa = PBXGroup;
			children = (
				679703BB1BDFF3F600651DB2 /* LoginView.swift */,
				67BF3B0B1BE3C0070045EDEE /* NewMessage.swift */,
				679703C11BE003A900651DB2 /* GroupsView.swift */,
				679703C71BE1027900651DB2 /* NewGroup.swift */,
				6711715F1BE3B09B00BFF1A3 /* GroupDetailsView.swift */,
			);
			name = ViewsControllers;
			sourceTree = "<group>";
		};
		6711715E1BE3B06600BFF1A3 /* Realm Objects */ = {
			isa = PBXGroup;
			children = (
				679703C51BE101C200651DB2 /* Group.swift */,
				679703C91BE102DC00651DB2 /* Contact.swift */,
			);
			name = "Realm Objects";
			sourceTree = "<group>";
		};
		67E7C5A71BDFEC40001F1DA4 = {
			isa = PBXGroup;
			children = (
				67E7C5B21BDFEC40001F1DA4 /* smsGate */,
				67E7C5B11BDFEC40001F1DA4 /* Products */,
				F612FA0CC4C422BB4FA3EF59 /* Pods */,
				32BFA1A2BFB72B1700F1C7FB /* Frameworks */,
			);
			sourceTree = "<group>";
		};
		67E7C5B11BDFEC40001F1DA4 /* Products */ = {
			isa = PBXGroup;
			children = (
				67E7C5B01BDFEC40001F1DA4 /* smsGate.app */,
			);
			name = Products;
			sourceTree = "<group>";
		};
		67E7C5B21BDFEC40001F1DA4 /* smsGate */ = {
			isa = PBXGroup;
			children = (
				67E7C5B31BDFEC40001F1DA4 /* AppDelegate.swift */,
				67E7C5B91BDFEC40001F1DA4 /* Main.storyboard */,
				67F89E3B1BE762F300052763 /* ConnectURL.swift */,
				67F89E3D1BE7714200052763 /* ShowsAlert.swift */,
				6711715D1BE3B05300BFF1A3 /* ViewsControllers */,
				6711715E1BE3B06600BFF1A3 /* Realm Objects */,
				67E7C5BC1BDFEC40001F1DA4 /* Assets.xcassets */,
				67E7C5BE1BDFEC40001F1DA4 /* LaunchScreen.storyboard */,
				67E7C5C11BDFEC40001F1DA4 /* Info.plist */,
			);
			path = smsGate;
			sourceTree = "<group>";
		};
		F612FA0CC4C422BB4FA3EF59 /* Pods */ = {
			isa = PBXGroup;
			children = (
				B7119D6590616C0A07683B49 /* Pods-smsGate.debug.xcconfig */,
				1F3721E0E14222AADD0EE91C /* Pods-smsGate.release.xcconfig */,
			);
			name = Pods;
			sourceTree = "<group>";
		};
/* End PBXGroup section */

/* Begin PBXNativeTarget section */
		67E7C5AF1BDFEC40001F1DA4 /* smsGate */ = {
			isa = PBXNativeTarget;
			buildConfigurationList = 67E7C5C41BDFEC40001F1DA4 /* Build configuration list for PBXNativeTarget "smsGate" */;
			buildPhases = (
				35B21450AE19A07D3BE61635 /* Check Pods Manifest.lock */,
				67E7C5AC1BDFEC40001F1DA4 /* Sources */,
				67E7C5AD1BDFEC40001F1DA4 /* Frameworks */,
				67E7C5AE1BDFEC40001F1DA4 /* Resources */,
				9B1ADAD345657FABAB7833E9 /* Embed Pods Frameworks */,
				B357C19735A533CFA2E4367B /* Copy Pods Resources */,
			);
			buildRules = (
			);
			dependencies = (
			);
			name = smsGate;
			productName = smsGate;
			productReference = 67E7C5B01BDFEC40001F1DA4 /* smsGate.app */;
			productType = "com.apple.product-type.application";
		};
/* End PBXNativeTarget section */

/* Begin PBXProject section */
		67E7C5A81BDFEC40001F1DA4 /* Project object */ = {
			isa = PBXProject;
			attributes = {
				LastSwiftUpdateCheck = 0710;
				LastUpgradeCheck = 0710;
				ORGANIZATIONNAME = AsimNet;
				TargetAttributes = {
					67E7C5AF1BDFEC40001F1DA4 = {
						CreatedOnToolsVersion = 7.1;
					};
				};
			};
			buildConfigurationList = 67E7C5AB1BDFEC40001F1DA4 /* Build configuration list for PBXProject "smsGate" */;
			compatibilityVersion = "Xcode 3.2";
			developmentRegion = English;
			hasScannedForEncodings = 0;
			knownRegions = (
				en,
				Base,
			);
			mainGroup = 67E7C5A71BDFEC40001F1DA4;
			productRefGroup = 67E7C5B11BDFEC40001F1DA4 /* Products */;
			projectDirPath = "";
			projectRoot = "";
			targets = (
				67E7C5AF1BDFEC40001F1DA4 /* smsGate */,
			);
		};
/* End PBXProject section */

/* Begin PBXResourcesBuildPhase section */
		67E7C5AE1BDFEC40001F1DA4 /* Resources */ = {
			isa = PBXResourcesBuildPhase;
			buildActionMask = 2147483647;
			files = (
				67E7C5C01BDFEC40001F1DA4 /* LaunchScreen.storyboard in Resources */,
				67E7C5BD1BDFEC40001F1DA4 /* Assets.xcassets in Resources */,
				67E7C5BB1BDFEC40001F1DA4 /* Main.storyboard in Resources */,
			);
			runOnlyForDeploymentPostprocessing = 0;
		};
/* End PBXResourcesBuildPhase section */

/* Begin PBXShellScriptBuildPhase section */
		35B21450AE19A07D3BE61635 /* Check Pods Manifest.lock */ = {
			isa = PBXShellScriptBuildPhase;
			buildActionMask = 2147483647;
			files = (
			);
			inputPaths = (
			);
			name = "Check Pods Manifest.lock";
			outputPaths = (
			);
			runOnlyForDeploymentPostprocessing = 0;
			shellPath = /bin/sh;
			shellScript = "diff \"${PODS_ROOT}/../Podfile.lock\" \"${PODS_ROOT}/Manifest.lock\" > /dev/null\nif [[ $? != 0 ]] ; then\n    cat << EOM\nerror: The sandbox is not in sync with the Podfile.lock. Run 'pod install' or update your CocoaPods installation.\nEOM\n    exit 1\nfi\n";
			showEnvVarsInLog = 0;
		};
		9B1ADAD345657FABAB7833E9 /* Embed Pods Frameworks */ = {
			isa = PBXShellScriptBuildPhase;
			buildActionMask = 2147483647;
			files = (
			);
			inputPaths = (
			);
			name = "Embed Pods Frameworks";
			outputPaths = (
			);
			runOnlyForDeploymentPostprocessing = 0;
			shellPath = /bin/sh;
			shellScript = "\"${SRCROOT}/Pods/Target Support Files/Pods-smsGate/Pods-smsGate-frameworks.sh\"\n";
			showEnvVarsInLog = 0;
		};
		B357C19735A533CFA2E4367B /* Copy Pods Resources */ = {
			isa = PBXShellScriptBuildPhase;
			buildActionMask = 2147483647;
			files = (
			);
			inputPaths = (
			);
			name = "Copy Pods Resources";
			outputPaths = (
			);
			runOnlyForDeploymentPostprocessing = 0;
			shellPath = /bin/sh;
			shellScript = "\"${SRCROOT}/Pods/Target Support Files/Pods-smsGate/Pods-smsGate-resources.sh\"\n";
			showEnvVarsInLog = 0;
		};
/* End PBXShellScriptBuildPhase section */

/* Begin PBXSourcesBuildPhase section */
		67E7C5AC1BDFEC40001F1DA4 /* Sources */ = {
			isa = PBXSourcesBuildPhase;
			buildActionMask = 2147483647;
			files = (
				67F89E3E1BE7714200052763 /* ShowsAlert.swift in Sources */,
				67F89E3C1BE762F300052763 /* ConnectURL.swift in Sources */,
				679703CA1BE102DC00651DB2 /* Contact.swift in Sources */,
				679703C81BE1027900651DB2 /* NewGroup.swift in Sources */,
				67BF3B0C1BE3C0070045EDEE /* NewMessage.swift in Sources */,
				679703C21BE003A900651DB2 /* GroupsView.swift in Sources */,
				679703BC1BDFF3F600651DB2 /* LoginView.swift in Sources */,
				679703C61BE101C200651DB2 /* Group.swift in Sources */,
				671171601BE3B09B00BFF1A3 /* GroupDetailsView.swift in Sources */,
				67E7C5B41BDFEC40001F1DA4 /* AppDelegate.swift in Sources */,
			);
			runOnlyForDeploymentPostprocessing = 0;
		};
/* End PBXSourcesBuildPhase section */

/* Begin PBXVariantGroup section */
		67E7C5B91BDFEC40001F1DA4 /* Main.storyboard */ = {
			isa = PBXVariantGroup;
			children = (
				67E7C5BA1BDFEC40001F1DA4 /* Base */,
			);
			name = Main.storyboard;
			sourceTree = "<group>";
		};
		67E7C5BE1BDFEC40001F1DA4 /* LaunchScreen.storyboard */ = {
			isa = PBXVariantGroup;
			children = (
				67E7C5BF1BDFEC40001F1DA4 /* Base */,
			);
			name = LaunchScreen.storyboard;
			sourceTree = "<group>";
		};
/* End PBXVariantGroup section */

/* Begin XCBuildConfiguration section */
		67E7C5C21BDFEC40001F1DA4 /* Debug */ = {
			isa = XCBuildConfiguration;
			buildSettings = {
				ALWAYS_SEARCH_USER_PATHS = NO;
				CLANG_CXX_LANGUAGE_STANDARD = "gnu++0x";
				CLANG_CXX_LIBRARY = "libc++";
				CLANG_ENABLE_MODULES = YES;
				CLANG_ENABLE_OBJC_ARC = YES;
				CLANG_WARN_BOOL_CONVERSION = YES;
				CLANG_WARN_CONSTANT_CONVERSION = YES;
				CLANG_WARN_DIRECT_OBJC_ISA_USAGE = YES_ERROR;
				CLANG_WARN_EMPTY_BODY = YES;
				CLANG_WARN_ENUM_CONVERSION = YES;
				CLANG_WARN_INT_CONVERSION = YES;
				CLANG_WARN_OBJC_ROOT_CLASS = YES_ERROR;
				CLANG_WARN_UNREACHABLE_CODE = YES;
				CLANG_WARN__DUPLICATE_METHOD_MATCH = YES;
				"CODE_SIGN_IDENTITY[sdk=iphoneos*]" = "iPhone Developer";
				COPY_PHASE_STRIP = NO;
				DEBUG_INFORMATION_FORMAT = dwarf;
				ENABLE_STRICT_OBJC_MSGSEND = YES;
				ENABLE_TESTABILITY = YES;
				GCC_C_LANGUAGE_STANDARD = gnu99;
				GCC_DYNAMIC_NO_PIC = NO;
				GCC_NO_COMMON_BLOCKS = YES;
				GCC_OPTIMIZATION_LEVEL = 0;
				GCC_PREPROCESSOR_DEFINITIONS = (
					"DEBUG=1",
					"$(inherited)",
				);
				GCC_WARN_64_TO_32_BIT_CONVERSION = YES;
				GCC_WARN_ABOUT_RETURN_TYPE = YES_ERROR;
				GCC_WARN_UNDECLARED_SELECTOR = YES;
				GCC_WARN_UNINITIALIZED_AUTOS = YES_AGGRESSIVE;
				GCC_WARN_UNUSED_FUNCTION = YES;
				GCC_WARN_UNUSED_VARIABLE = YES;
				IPHONEOS_DEPLOYMENT_TARGET = 9.1;
				MTL_ENABLE_DEBUG_INFO = YES;
				ONLY_ACTIVE_ARCH = YES;
				SDKROOT = iphoneos;
				SWIFT_OPTIMIZATION_LEVEL = "-Onone";
				TARGETED_DEVICE_FAMILY = "1,2";
			};
			name = Debug;
		};
		67E7C5C31BDFEC40001F1DA4 /* Release */ = {
			isa = XCBuildConfiguration;
			buildSettings = {
				ALWAYS_SEARCH_USER_PATHS = NO;
				CLANG_CXX_LANGUAGE_STANDARD = "gnu++0x";
				CLANG_CXX_LIBRARY = "libc++";
				CLANG_ENABLE_MODULES = YES;
				CLANG_ENABLE_OBJC_ARC = YES;
				CLANG_WARN_BOOL_CONVERSION = YES;
				CLANG_WARN_CONSTANT_CONVERSION = YES;
				CLANG_WARN_DIRECT_OBJC_ISA_USAGE = YES_ERROR;
				CLANG_WARN_EMPTY_BODY = YES;
				CLANG_WARN_ENUM_CONVERSION = YES;
				CLANG_WARN_INT_CONVERSION = YES;
				CLANG_WARN_OBJC_ROOT_CLASS = YES_ERROR;
				CLANG_WARN_UNREACHABLE_CODE = YES;
				CLANG_WARN__DUPLICATE_METHOD_MATCH = YES;
				"CODE_SIGN_IDENTITY[sdk=iphoneos*]" = "iPhone Developer";
				COPY_PHASE_STRIP = NO;
				DEBUG_INFORMATION_FORMAT = "dwarf-with-dsym";
				ENABLE_NS_ASSERTIONS = NO;
				ENABLE_STRICT_OBJC_MSGSEND = YES;
				GCC_C_LANGUAGE_STANDARD = gnu99;
				GCC_NO_COMMON_BLOCKS = YES;
				GCC_WARN_64_TO_32_BIT_CONVERSION = YES;
				GCC_WARN_ABOUT_RETURN_TYPE = YES_ERROR;
				GCC_WARN_UNDECLARED_SELECTOR = YES;
				GCC_WARN_UNINITIALIZED_AUTOS = YES_AGGRESSIVE;
				GCC_WARN_UNUSED_FUNCTION = YES;
				GCC_WARN_UNUSED_VARIABLE = YES;
				IPHONEOS_DEPLOYMENT_TARGET = 9.1;
				MTL_ENABLE_DEBUG_INFO = NO;
				SDKROOT = iphoneos;
				TARGETED_DEVICE_FAMILY = "1,2";
				VALIDATE_PRODUCT = YES;
			};
			name = Release;
		};
		67E7C5C51BDFEC40001F1DA4 /* Debug */ = {
			isa = XCBuildConfiguration;
			baseConfigurationReference = B7119D6590616C0A07683B49 /* Pods-smsGate.debug.xcconfig */;
			buildSettings = {
				ASSETCATALOG_COMPILER_APPICON_NAME = AppIcon;
				INFOPLIST_FILE = smsGate/Info.plist;
				IPHONEOS_DEPLOYMENT_TARGET = 9.0;
				LD_RUNPATH_SEARCH_PATHS = "$(inherited) @executable_path/Frameworks";
				PRODUCT_BUNDLE_IDENTIFIER = Asim.Net.smsGate;
				PRODUCT_NAME = "$(TARGET_NAME)";
			};
			name = Debug;
		};
		67E7C5C61BDFEC40001F1DA4 /* Release */ = {
			isa = XCBuildConfiguration;
			baseConfigurationReference = 1F3721E0E14222AADD0EE91C /* Pods-smsGate.release.xcconfig */;
			buildSettings = {
				ASSETCATALOG_COMPILER_APPICON_NAME = AppIcon;
				INFOPLIST_FILE = smsGate/Info.plist;
				IPHONEOS_DEPLOYMENT_TARGET = 9.0;
				LD_RUNPATH_SEARCH_PATHS = "$(inherited) @executable_path/Frameworks";
				PRODUCT_BUNDLE_IDENTIFIER = Asim.Net.smsGate;
				PRODUCT_NAME = "$(TARGET_NAME)";
			};
			name = Release;
		};
/* End XCBuildConfiguration section */

/* Begin XCConfigurationList section */
		67E7C5AB1BDFEC40001F1DA4 /* Build configuration list for PBXProject "smsGate" */ = {
			isa = XCConfigurationList;
			buildConfigurations = (
				67E7C5C21BDFEC40001F1DA4 /* Debug */,
				67E7C5C31BDFEC40001F1DA4 /* Release */,
			);
			defaultConfigurationIsVisible = 0;
			defaultConfigurationName = Release;
		};
		67E7C5C41BDFEC40001F1DA4 /* Build configuration list for PBXNativeTarget "smsGate" */ = {
			isa = XCConfigurationList;
			buildConfigurations = (
				67E7C5C51BDFEC40001F1DA4 /* Debug */,
				67E7C5C61BDFEC40001F1DA4 /* Release */,
			);
			defaultConfigurationIsVisible = 0;
			defaultConfigurationName = Release;
		};
/* End XCConfigurationList section */
	};
	rootObject = 67E7C5A81BDFEC40001F1DA4 /* Project object */;
}
